{
  "name": "spike",
  "version": "1.0.0",
  "lockfileVersion": 3,
  "requires": true,
  "packages": {
    "": {
      "name": "spike",
      "version": "1.0.0",
      "license": "ISC",
      "dependencies": {
        "kaspa-wasm32-sdk": "^0.15.2"
      }
    },
    "node_modules/kaspa-wasm32-sdk": {
      "version": "0.15.2",
      "resolved": "https://registry.npmjs.org/kaspa-wasm32-sdk/-/kaspa-wasm32-sdk-0.15.2.tgz",
      "integrity": "sha512-Dvv/Ic9TBwWEj0kA2gGQeHHW0P+/AXFpCDC5hJG9mgILJZB2cVzG/H8pziaYFxZwTP/H3bHJ4xpchDF0dZzk9g==",
      "license": "ISC"
    }
  }
}
