{
  "name": "warda-demo-vendor",
  "lockfileVersion": 3,
  "requires": true,
  "packages": {
    "": {
      "name": "warda-demo-vendor",
      "dependencies": {
        "@warda_protocol/borsh": "^0.2.1",
        "@warda_protocol/kaspa": "^0.5.0",
        "@warda_protocol/vendor": "^0.3.2",
        "kaspa-wasm32-sdk": "^0.15.2"
      },
      "engines": {
        "node": "22.x"
      }
    },
    "node_modules/@noble/curves": {
      "version": "2.4.0",
      "resolved": "https://registry.npmjs.org/@noble/curves/-/curves-2.4.0.tgz",
      "integrity": "sha512-P4/62zrgfH33CneE3Dn4WhJVA22YUU0eR51wKIan4NVRvwsA0YnPTwWGpNbpuacSujmSFLvyzpyuR30+fbq2Ew==",
      "license": "MIT",
      "dependencies": {
        "@noble/hashes": "2.4.0"
      },
      "engines": {
        "node": ">= 20.19.0"
      },
      "funding": {
        "url": "https://paulmillr.com/funding/"
      }
    },
    "node_modules/@noble/hashes": {
      "version": "2.4.0",
      "resolved": "https://registry.npmjs.org/@noble/hashes/-/hashes-2.4.0.tgz",
      "integrity": "sha512-X5XaVWZIBCT7HHZGm5I7ZQXDwLG+bGXuSrMQAW+7Zvl87h1kmc1ZB1VSRJcpUfoUrGQp4Fkoxm5kZ+Ms+aW+eA==",
      "license": "MIT",
      "engines": {
        "node": ">= 20.19.0"
      },
      "funding": {
        "url": "https://paulmillr.com/funding/"
      }
    },
    "node_modules/@warda_protocol/borsh": {
      "version": "0.2.1",
      "resolved": "https://registry.npmjs.org/@warda_protocol/borsh/-/borsh-0.2.1.tgz",
      "integrity": "sha512-+5RPS2Cqs4nzj1DE2AqW1PvJZ7/3wAdHzsCPNML3knwIynlf0lyWQJ4/p+j0GaEWw2LuXqFPdxk5XBOzVmyaoQ==",
      "license": "MIT",
      "dependencies": {
        "@warda_protocol/kaspa": "^0.5.1"
      },
      "engines": {
        "node": ">=20"
      },
      "peerDependencies": {
        "kaspa-wasm32-sdk": "*"
      },
      "peerDependenciesMeta": {
        "kaspa-wasm32-sdk": {
          "optional": true
        }
      }
    },
    "node_modules/@warda_protocol/kaspa": {
      "version": "0.5.3",
      "resolved": "https://registry.npmjs.org/@warda_protocol/kaspa/-/kaspa-0.5.3.tgz",
      "integrity": "sha512-fS8xqdkTquylTjEVO343pzVt5I/aGbyDglNSkUl50P6/UIZ9mIp4oLZtO8hwEK+VCov06x3/lJYXylRoN/VRRA==",
      "license": "MIT",
      "dependencies": {
        "@noble/curves": "^2.3.0",
        "@noble/hashes": "^2.3.0"
      },
      "engines": {
        "node": ">=20"
      }
    },
    "node_modules/@warda_protocol/vendor": {
      "version": "0.3.2",
      "resolved": "https://registry.npmjs.org/@warda_protocol/vendor/-/vendor-0.3.2.tgz",
      "integrity": "sha512-Ai148meHJ03Qz97gZ1Msf/7pm7Rh57qSfQRenaDcfrUwYD+sascLWpNtfgdFttfXKwlN897Fq2Qn4YgLLYWRjA==",
      "license": "MIT",
      "dependencies": {
        "@warda_protocol/kaspa": "^0.5.0"
      },
      "engines": {
        "node": ">=20"
      },
      "peerDependencies": {
        "@warda_protocol/borsh": "^0.2.0"
      },
      "peerDependenciesMeta": {
        "@warda_protocol/borsh": {
          "optional": true
        }
      }
    },
    "node_modules/kaspa-wasm32-sdk": {
      "version": "0.15.2",
      "resolved": "https://registry.npmjs.org/kaspa-wasm32-sdk/-/kaspa-wasm32-sdk-0.15.2.tgz",
      "integrity": "sha512-Dvv/Ic9TBwWEj0kA2gGQeHHW0P+/AXFpCDC5hJG9mgILJZB2cVzG/H8pziaYFxZwTP/H3bHJ4xpchDF0dZzk9g==",
      "license": "ISC"
    }
  }
}
