{
  "name": "warda",
  "version": "0.1.0",
  "lockfileVersion": 3,
  "requires": true,
  "packages": {
    "": {
      "name": "warda",
      "version": "0.1.0",
      "license": "MIT",
      "dependencies": {
        "@warda_protocol/kaspa": "^0.5.0",
        "@warda_protocol/x402": "^0.4.0"
      },
      "bin": {
        "warda": "dist/cli.js"
      },
      "engines": {
        "node": ">=22"
      }
    },
    "node_modules/@noble/curves": {
      "version": "2.4.0",
      "resolved": "https://registry.npmjs.org/@noble/curves/-/curves-2.4.0.tgz",
      "integrity": "sha512-P4/62zrgfH33CneE3Dn4WhJVA22YUU0eR51wKIan4NVRvwsA0YnPTwWGpNbpuacSujmSFLvyzpyuR30+fbq2Ew==",
      "license": "MIT",
      "dependencies": {
        "@noble/hashes": "2.4.0"
      },
      "engines": {
        "node": ">= 20.19.0"
      },
      "funding": {
        "url": "https://paulmillr.com/funding/"
      }
    },
    "node_modules/@noble/hashes": {
      "version": "2.4.0",
      "resolved": "https://registry.npmjs.org/@noble/hashes/-/hashes-2.4.0.tgz",
      "integrity": "sha512-X5XaVWZIBCT7HHZGm5I7ZQXDwLG+bGXuSrMQAW+7Zvl87h1kmc1ZB1VSRJcpUfoUrGQp4Fkoxm5kZ+Ms+aW+eA==",
      "license": "MIT",
      "engines": {
        "node": ">= 20.19.0"
      },
      "funding": {
        "url": "https://paulmillr.com/funding/"
      }
    },
    "node_modules/@warda_protocol/kaspa": {
      "version": "0.5.0",
      "resolved": "https://registry.npmjs.org/@warda_protocol/kaspa/-/kaspa-0.5.0.tgz",
      "integrity": "sha512-+P0mn4Ua6Hj57d2HLjtygHZJsZSBJqt0hb49T1x5haGre3rteJFlIsAF2EXsekUZTwpjdEVT38XCkEuMmB03vw==",
      "license": "MIT",
      "dependencies": {
        "@noble/curves": "^2.3.0",
        "@noble/hashes": "^2.3.0"
      },
      "engines": {
        "node": ">=20"
      }
    },
    "node_modules/@warda_protocol/x402": {
      "version": "0.4.0",
      "resolved": "https://registry.npmjs.org/@warda_protocol/x402/-/x402-0.4.0.tgz",
      "integrity": "sha512-9SDJcjA6m7VgQFNifzrIgXFw8pZOAAOnKzwUmAOxjWuxj4N9ThULn1VnkuX4hLRq2UxJNTHXOHOq8zu7C/b+9A==",
      "license": "MIT",
      "dependencies": {
        "@warda_protocol/kaspa": "^0.5.0"
      },
      "engines": {
        "node": ">=20"
      }
    }
  }
}
