{
  "name": "warda-verify-endpoint",
  "version": "0.3.0",
  "lockfileVersion": 3,
  "requires": true,
  "packages": {
    "": {
      "name": "warda-verify-endpoint",
      "version": "0.3.0",
      "dependencies": {
        "@kluster/kaspa-wasm": "^2.0.1",
        "@warda_protocol/borsh": "^0.4.0",
        "@warda_protocol/verify": "^0.2.1"
      },
      "engines": {
        "node": "22.x"
      }
    },
    "node_modules/@kluster/kaspa-wasm": {
      "version": "2.0.1",
      "resolved": "https://registry.npmjs.org/@kluster/kaspa-wasm/-/kaspa-wasm-2.0.1.tgz",
      "integrity": "sha512-ENOyZaMurTIAT8hNt/D61DT9pLEd57ZW0pAhiD3aEQR1jI0YICHLyzdtCBnpp8wrfHDeabvn48G+ALdGj/1rrQ==",
      "license": "ISC"
    },
    "node_modules/@noble/curves": {
      "version": "2.4.0",
      "resolved": "https://registry.npmjs.org/@noble/curves/-/curves-2.4.0.tgz",
      "integrity": "sha512-P4/62zrgfH33CneE3Dn4WhJVA22YUU0eR51wKIan4NVRvwsA0YnPTwWGpNbpuacSujmSFLvyzpyuR30+fbq2Ew==",
      "license": "MIT",
      "dependencies": {
        "@noble/hashes": "2.4.0"
      },
      "engines": {
        "node": ">= 20.19.0"
      },
      "funding": {
        "url": "https://paulmillr.com/funding/"
      }
    },
    "node_modules/@noble/hashes": {
      "version": "2.4.0",
      "resolved": "https://registry.npmjs.org/@noble/hashes/-/hashes-2.4.0.tgz",
      "integrity": "sha512-X5XaVWZIBCT7HHZGm5I7ZQXDwLG+bGXuSrMQAW+7Zvl87h1kmc1ZB1VSRJcpUfoUrGQp4Fkoxm5kZ+Ms+aW+eA==",
      "license": "MIT",
      "engines": {
        "node": ">= 20.19.0"
      },
      "funding": {
        "url": "https://paulmillr.com/funding/"
      }
    },
    "node_modules/@warda_protocol/borsh": {
      "version": "0.4.0",
      "resolved": "https://registry.npmjs.org/@warda_protocol/borsh/-/borsh-0.4.0.tgz",
      "integrity": "sha512-o1mKaGi5LzZgEZ6/tYPpS2nK2kjFlKbWChQq/BIX+qWzdkVGat4UGQanzfjJRgMe5o9V0RYdqkUhDbfhkG8foQ==",
      "license": "MIT",
      "dependencies": {
        "@warda_protocol/kaspa": "^0.5.1"
      },
      "engines": {
        "node": ">=20"
      },
      "peerDependencies": {
        "@kluster/kaspa-wasm": "*",
        "kaspa-wasm32-sdk": "*"
      },
      "peerDependenciesMeta": {
        "@kluster/kaspa-wasm": {
          "optional": true
        },
        "kaspa-wasm32-sdk": {
          "optional": true
        }
      }
    },
    "node_modules/@warda_protocol/core": {
      "version": "0.3.1",
      "resolved": "https://registry.npmjs.org/@warda_protocol/core/-/core-0.3.1.tgz",
      "integrity": "sha512-CiUm3QsMY3BL6AtvMvXmodUVYfJh0bov7LrQxCdCHnHdCB5KGIYQYb0uhJMO90pnJQ1TUAE4SPgUX/njhTSMkQ==",
      "license": "MIT",
      "workspaces": [
        ".",
        "sdk",
        "mcp",
        "x402"
      ],
      "dependencies": {
        "@noble/hashes": "^2.3.0"
      },
      "engines": {
        "node": ">=20"
      }
    },
    "node_modules/@warda_protocol/kaspa": {
      "version": "0.5.4",
      "resolved": "https://registry.npmjs.org/@warda_protocol/kaspa/-/kaspa-0.5.4.tgz",
      "integrity": "sha512-df9ZVQrRyVgYHMKaoM6LS0Uc+DoDDnskIGZ0vnoiJMgYZNShMUAPb8NDP0yn2Xgz7svhsPR9YgpQCzwRIYePxg==",
      "license": "MIT",
      "dependencies": {
        "@noble/curves": "^2.3.0",
        "@noble/hashes": "^2.3.0"
      },
      "engines": {
        "node": ">=20"
      }
    },
    "node_modules/@warda_protocol/verify": {
      "version": "0.2.1",
      "resolved": "https://registry.npmjs.org/@warda_protocol/verify/-/verify-0.2.1.tgz",
      "integrity": "sha512-IwrBRDj3QdtnTx5n9+dFTS1ZUv6lbwloCwGDZTwDkt1FGJhDRelPLT9ElGF+TkGSp1tk3oWYe5R1+E14EHdSMQ==",
      "license": "MIT",
      "dependencies": {
        "@warda_protocol/core": "^0.3.1",
        "@warda_protocol/kaspa": "^0.5.0",
        "@warda_protocol/x402": "^0.4.0"
      },
      "bin": {
        "warda-verify": "dist/serve.js"
      },
      "engines": {
        "node": ">=20"
      }
    },
    "node_modules/@warda_protocol/x402": {
      "version": "0.4.0",
      "resolved": "https://registry.npmjs.org/@warda_protocol/x402/-/x402-0.4.0.tgz",
      "integrity": "sha512-9SDJcjA6m7VgQFNifzrIgXFw8pZOAAOnKzwUmAOxjWuxj4N9ThULn1VnkuX4hLRq2UxJNTHXOHOq8zu7C/b+9A==",
      "license": "MIT",
      "dependencies": {
        "@warda_protocol/kaspa": "^0.5.0"
      },
      "engines": {
        "node": ">=20"
      }
    }
  }
}
