{
  "name": "warda-verify-endpoint",
  "version": "0.3.1",
  "lockfileVersion": 3,
  "requires": true,
  "packages": {
    "": {
      "name": "warda-verify-endpoint",
      "version": "0.3.1",
      "dependencies": {
        "@kluster/kaspa-wasm": "^2.0.1",
        "@warda_protocol/borsh": "^0.4.1",
        "@warda_protocol/verify": "^0.2.3"
      },
      "devDependencies": {
        "@types/node": "^22.0.0",
        "typescript": "^5.9.3"
      },
      "engines": {
        "node": "22.x"
      }
    },
    "node_modules/@kaspa-x402/core": {
      "version": "1.0.0-rc.1",
      "resolved": "https://registry.npmjs.org/@kaspa-x402/core/-/core-1.0.0-rc.1.tgz",
      "integrity": "sha512-wy9+GAT8hIOvnswbhJstmFocyPbF3MR4b7V4OVs5yCLmxejx7e289oVczhrSLxj//Fxe3m7MKLXBeJ3PRPFP5A==",
      "license": "MIT",
      "dependencies": {
        "ajv": "^8.17.1"
      }
    },
    "node_modules/@kluster/kaspa-wasm": {
      "version": "2.0.1",
      "resolved": "https://registry.npmjs.org/@kluster/kaspa-wasm/-/kaspa-wasm-2.0.1.tgz",
      "integrity": "sha512-ENOyZaMurTIAT8hNt/D61DT9pLEd57ZW0pAhiD3aEQR1jI0YICHLyzdtCBnpp8wrfHDeabvn48G+ALdGj/1rrQ==",
      "license": "ISC"
    },
    "node_modules/@noble/curves": {
      "version": "2.4.0",
      "resolved": "https://registry.npmjs.org/@noble/curves/-/curves-2.4.0.tgz",
      "integrity": "sha512-P4/62zrgfH33CneE3Dn4WhJVA22YUU0eR51wKIan4NVRvwsA0YnPTwWGpNbpuacSujmSFLvyzpyuR30+fbq2Ew==",
      "license": "MIT",
      "dependencies": {
        "@noble/hashes": "2.4.0"
      },
      "engines": {
        "node": ">= 20.19.0"
      },
      "funding": {
        "url": "https://paulmillr.com/funding/"
      }
    },
    "node_modules/@noble/hashes": {
      "version": "2.4.0",
      "resolved": "https://registry.npmjs.org/@noble/hashes/-/hashes-2.4.0.tgz",
      "integrity": "sha512-X5XaVWZIBCT7HHZGm5I7ZQXDwLG+bGXuSrMQAW+7Zvl87h1kmc1ZB1VSRJcpUfoUrGQp4Fkoxm5kZ+Ms+aW+eA==",
      "license": "MIT",
      "engines": {
        "node": ">= 20.19.0"
      },
      "funding": {
        "url": "https://paulmillr.com/funding/"
      }
    },
    "node_modules/@types/node": {
      "version": "22.20.3",
      "resolved": "https://registry.npmjs.org/@types/node/-/node-22.20.3.tgz",
      "integrity": "sha512-DZmzkmwHzXrLPAXPyKNDzlIwMMUZCVacoD25ywdy5YTKGbOx/2ld+Q38Im2zJ0vBuZP5Prd3VZutKZyXwkOS8A==",
      "dev": true,
      "license": "MIT",
      "dependencies": {
        "undici-types": "~6.21.0"
      }
    },
    "node_modules/@warda_protocol/borsh": {
      "version": "0.4.1",
      "resolved": "https://registry.npmjs.org/@warda_protocol/borsh/-/borsh-0.4.1.tgz",
      "integrity": "sha512-mLFcS/OhK7Ssx7x72ytLhmiXweZpSfp9vQ9TYuAdabuLKEoLzzCrq9u9bEonBpjJYRdNO7EBxDuv8JLCxK1owQ==",
      "license": "MIT",
      "dependencies": {
        "@warda_protocol/kaspa": "^0.6.0"
      },
      "engines": {
        "node": ">=20"
      },
      "peerDependencies": {
        "@kluster/kaspa-wasm": "*",
        "kaspa-wasm32-sdk": "*"
      },
      "peerDependenciesMeta": {
        "@kluster/kaspa-wasm": {
          "optional": true
        },
        "kaspa-wasm32-sdk": {
          "optional": true
        }
      }
    },
    "node_modules/@warda_protocol/core": {
      "version": "0.3.2",
      "resolved": "https://registry.npmjs.org/@warda_protocol/core/-/core-0.3.2.tgz",
      "integrity": "sha512-HX1q4CRdvVR9oFi0Ut6jCFzULUJK/cMSAXOu1ccy7ReX+hJMLcVFD0gHbMztxT8db5Zf58CZzlrTYejO2fVrlw==",
      "license": "MIT",
      "workspaces": [
        ".",
        "sdk",
        "borsh",
        "x402",
        "provider",
        "registry",
        "router",
        "vendor",
        "verify",
        "wallet",
        "cli",
        "mcp",
        "growth",
        "extension"
      ],
      "dependencies": {
        "@noble/hashes": "^2.3.0"
      },
      "engines": {
        "node": ">=20"
      }
    },
    "node_modules/@warda_protocol/kaspa": {
      "version": "0.6.0",
      "resolved": "https://registry.npmjs.org/@warda_protocol/kaspa/-/kaspa-0.6.0.tgz",
      "integrity": "sha512-RxmgORQ/nAMlVW3ulGfhNOKgBhUZAxjFIVzphKiWiNybQUl0T8TyebhRAIdc2zLiqAEwk3xAYiiI5L4xaD/0zQ==",
      "license": "MIT",
      "dependencies": {
        "@noble/curves": "^2.3.0",
        "@noble/hashes": "^2.3.0"
      },
      "engines": {
        "node": ">=20"
      }
    },
    "node_modules/@warda_protocol/verify": {
      "version": "0.2.3",
      "resolved": "https://registry.npmjs.org/@warda_protocol/verify/-/verify-0.2.3.tgz",
      "integrity": "sha512-GshD2PYA7/jgzedp6j236Zjy7hDjqFXfnljoRHpgOcgwiEj38lH1Kxd7nLdzYYRVDs3Gbgvnv2UxYpQbIcmQLQ==",
      "license": "MIT",
      "dependencies": {
        "@warda_protocol/core": "^0.3.2",
        "@warda_protocol/kaspa": "^0.6.0",
        "@warda_protocol/x402": "^0.6.1"
      },
      "bin": {
        "warda-verify": "dist/serve.js"
      },
      "engines": {
        "node": ">=20"
      }
    },
    "node_modules/@warda_protocol/x402": {
      "version": "0.6.1",
      "resolved": "https://registry.npmjs.org/@warda_protocol/x402/-/x402-0.6.1.tgz",
      "integrity": "sha512-wNjs7gb22KY+ZhSs+lJjClDHDtfzX+96REQCy90BOlV6781sUAlg8EYwDQLdH829cnz/D526Az068ST4qwe5gg==",
      "license": "MIT",
      "dependencies": {
        "@kaspa-x402/core": "^1.0.0-rc.1",
        "@warda_protocol/kaspa": "^0.6.0"
      },
      "engines": {
        "node": ">=20"
      }
    },
    "node_modules/ajv": {
      "version": "8.20.0",
      "resolved": "https://registry.npmjs.org/ajv/-/ajv-8.20.0.tgz",
      "integrity": "sha512-Thbli+OlOj+iMPYFBVBfJ3OmCAnaSyNn4M1vz9T6Gka5Jt9ba/HIR56joy65tY6kx/FCF5VXNB819Y7/GUrBGA==",
      "license": "MIT",
      "dependencies": {
        "fast-deep-equal": "^3.1.3",
        "fast-uri": "^3.0.1",
        "json-schema-traverse": "^1.0.0",
        "require-from-string": "^2.0.2"
      },
      "funding": {
        "type": "github",
        "url": "https://github.com/sponsors/epoberezkin"
      }
    },
    "node_modules/fast-deep-equal": {
      "version": "3.1.3",
      "resolved": "https://registry.npmjs.org/fast-deep-equal/-/fast-deep-equal-3.1.3.tgz",
      "integrity": "sha512-f3qQ9oQy9j2AhBe/H9VC91wLmKBCCU/gDOnKNAYG5hswO7BLKj09Hc5HYNz9cGI++xlpDCIgDaitVs03ATR84Q==",
      "license": "MIT"
    },
    "node_modules/fast-uri": {
      "version": "3.1.8",
      "resolved": "https://registry.npmjs.org/fast-uri/-/fast-uri-3.1.8.tgz",
      "integrity": "sha512-GZMtZUTNRpOVIECoXwLNZS5xUGE+mVNbTB8h/7Rwh2TFWcBQiPzTgyZi05BF9UMZKkLJv8XBRJTlU7zg8+ZfMg==",
      "funding": [
        {
          "type": "github",
          "url": "https://github.com/sponsors/fastify"
        },
        {
          "type": "opencollective",
          "url": "https://opencollective.com/fastify"
        }
      ],
      "license": "BSD-3-Clause"
    },
    "node_modules/json-schema-traverse": {
      "version": "1.0.0",
      "resolved": "https://registry.npmjs.org/json-schema-traverse/-/json-schema-traverse-1.0.0.tgz",
      "integrity": "sha512-NM8/P9n3XjXhIZn1lLhkFaACTOURQXjWhV4BA/RnOv8xvgqtqpAX9IO4mRQxSx1Rlo4tqzeqb0sOlruaOy3dug==",
      "license": "MIT"
    },
    "node_modules/require-from-string": {
      "version": "2.0.2",
      "resolved": "https://registry.npmjs.org/require-from-string/-/require-from-string-2.0.2.tgz",
      "integrity": "sha512-Xf0nWe6RseziFMu+Ap9biiUbmplq6S9/p+7w7YXP/JBHhrUDDUhwa+vANyubuqfZWTveU//DYVGsDG7RKL/vEw==",
      "license": "MIT",
      "engines": {
        "node": ">=0.10.0"
      }
    },
    "node_modules/typescript": {
      "version": "5.9.3",
      "resolved": "https://registry.npmjs.org/typescript/-/typescript-5.9.3.tgz",
      "integrity": "sha512-jl1vZzPDinLr9eUt3J/t7V6FgNEw9QjvBPdysz9KfQDD41fQrC2Y4vKQdiaUpFT4bXlb1RHhLpp8wtm6M5TgSw==",
      "dev": true,
      "license": "Apache-2.0",
      "bin": {
        "tsc": "bin/tsc",
        "tsserver": "bin/tsserver"
      },
      "engines": {
        "node": ">=14.17"
      }
    },
    "node_modules/undici-types": {
      "version": "6.21.0",
      "resolved": "https://registry.npmjs.org/undici-types/-/undici-types-6.21.0.tgz",
      "integrity": "sha512-iwDZqg0QAGrg9Rav5H4n0M64c3mkR59cJ6wQp+7C4nI0gsmExaedaYLNO44eT4AtBBwjbTiGPMlt2Md0T9H9JQ==",
      "dev": true,
      "license": "MIT"
    }
  }
}
